{
  "lockfileVersion": 1,
  "configVersion": 1,
  "workspaces": {
    "": {
      "name": "workesto",
      "dependencies": {
        "hono": "^4.11.1",
      },
      "devDependencies": {
        "@types/bun": "latest",
        "oxfmt": "^0.19.0",
        "oxlint": "^1.34.0",
      },
    },
  },
  "packages": {
    "@oxfmt/darwin-arm64": ["@oxfmt/darwin-arm64@0.19.0", "", { "os": "darwin", "cpu": "arm64" }, "sha512-FfNpn3ximwbBZCaS8WL2vAXcFuQFQgvv/brO6D1WdmL4pnFOgfBIpFfkeFnKfdmdpxtg9O0wF8NTcdw5Iyl2Bg=="],

    "@oxfmt/darwin-x64": ["@oxfmt/darwin-x64@0.19.0", "", { "os": "darwin", "cpu": "x64" }, "sha512-31FWUHAgTdTzOslz0zoA60UDEdeZZpeM6wTzCdffetwLbHkK8ZuCuzd+DauHZPNlSU8G72iw4lF7Zve9pSkK9w=="],

    "@oxfmt/linux-arm64-gnu": ["@oxfmt/linux-arm64-gnu@0.19.0", "", { "os": "linux", "cpu": "arm64" }, "sha512-BkU9h39xKj/8uko82uFDJUharM8VxZO+uXKglpBnEC8XxWRzXocVCX4wpLT/Tfk4NyBy6fRM9DeISdZvQKZCjA=="],

    "@oxfmt/linux-arm64-musl": ["@oxfmt/linux-arm64-musl@0.19.0", "", { "os": "linux", "cpu": "arm64" }, "sha512-wWYk6Z/3iC+0zZAUkVCcEHui/IsUqsl+GEm9o6H7oARPLisXajbwCQcmqYslUD7eK6OXdYoWriBkEvSX/5dU4A=="],

    "@oxfmt/linux-x64-gnu": ["@oxfmt/linux-x64-gnu@0.19.0", "", { "os": "linux", "cpu": "x64" }, "sha512-EB/b3or437E3uDie8QxeU3eA502JcmR1koyIBcH9rFidY0cMik58xvw54tXCY3WpMRxEXf37aHZzUSDP3qJnZg=="],

    "@oxfmt/linux-x64-musl": ["@oxfmt/linux-x64-musl@0.19.0", "", { "os": "linux", "cpu": "x64" }, "sha512-htMB45orYoa1oFSjSmoGgcBDsD47/0joDfqpa8TrTDI5qsW5kAedpFR5wSce8Is9oj7SJ07omhOj96P/QiekWA=="],

    "@oxfmt/win32-arm64": ["@oxfmt/win32-arm64@0.19.0", "", { "os": "win32", "cpu": "arm64" }, "sha512-x7+3Eh/VWdXEda+BUmAKYlhGrRJVera7RfWw47Yx8PJUGtNqBfeYGDbf0W59ceK8Z3bY3OinrmOO3d1jOuXzMQ=="],

    "@oxfmt/win32-x64": ["@oxfmt/win32-x64@0.19.0", "", { "os": "win32", "cpu": "x64" }, "sha512-X+FKXBg2jx4CxF5SJs3xpx1msMw5JfxaGD5qBZYqlHGdryQsy6zUY+bQwDDcuy3Ic/WNGD8ZNEuggeYNE7jx/Q=="],

    "@oxlint/darwin-arm64": ["@oxlint/darwin-arm64@1.34.0", "", { "os": "darwin", "cpu": "arm64" }, "sha512-euz3Dtp5/UE9axFkQnllOWp3gOwoqaxfZPUUwiW8HBelqhI9PRMVIfQ/akmwl+G5XixQZIgXkXQ5SJxnb1+Qww=="],

    "@oxlint/darwin-x64": ["@oxlint/darwin-x64@1.34.0", "", { "os": "darwin", "cpu": "x64" }, "sha512-XpmNviE5KOnHkhmQPwJJIBs+mJkr0qItTZBN4dz+O3p9gWN+gCqi3CBP71RiVahZw4qAEQSgY4wro+z0kx+erg=="],

    "@oxlint/linux-arm64-gnu": ["@oxlint/linux-arm64-gnu@1.34.0", "", { "os": "linux", "cpu": "arm64" }, "sha512-aCPdoEUGsJGF9y88vDYoaugG4IEGwSBa+usyuAvEVl3vTfuTmE0RDQEC1Z+WnJ3J/cIEpbgKOzS12VwbzFicjg=="],

    "@oxlint/linux-arm64-musl": ["@oxlint/linux-arm64-musl@1.34.0", "", { "os": "linux", "cpu": "arm64" }, "sha512-cMo72LQBFmdnVLRKLAHD94ZUBq5Z+aA9Y+RKzkjhCmJuef5ZAfKC24TJD/6c5LxGYzkwwmyySoQAHq5B69i3PQ=="],

    "@oxlint/linux-x64-gnu": ["@oxlint/linux-x64-gnu@1.34.0", "", { "os": "linux", "cpu": "x64" }, "sha512-+9xFhhkqgNIysEh+uHvcba8v4UtL1YzxuyDS2wTLdWrkGvIllCx5WjJItt3K/AhwatciksgNEXSo2Hh4fcQRog=="],

    "@oxlint/linux-x64-musl": ["@oxlint/linux-x64-musl@1.34.0", "", { "os": "linux", "cpu": "x64" }, "sha512-qa7TL2DfEDdMeSP5UiU5JMs6D2PW7ZJAQ0WZYTgqDV8BlZ6nMkIYVBVIk3QPxIfkyxvfJVbG1RB3PkSWDcfwpA=="],

    "@oxlint/win32-arm64": ["@oxlint/win32-arm64@1.34.0", "", { "os": "win32", "cpu": "arm64" }, "sha512-mSJumUveg1S3DiOgvsrVNAGuvenBbbC/zsfT1qhltT+GLhJ7RPBK2I/jz0fTdE+I7M9/as8yc0XJ/eY23y2amA=="],

    "@oxlint/win32-x64": ["@oxlint/win32-x64@1.34.0", "", { "os": "win32", "cpu": "x64" }, "sha512-izsDDt5WY4FSISCkPRLUYQD1aRaaEJkPLtEZe3DlioSUdUVAdvVbE+BGllFqR16DWfTTwO/6K4jDeooxQzTMjw=="],

    "@types/bun": ["@types/bun@1.3.5", "", { "dependencies": { "bun-types": "1.3.5" } }, "sha512-RnygCqNrd3srIPEWBd5LFeUYG7plCoH2Yw9WaZGyNmdTEei+gWaHqydbaIRkIkcbXwhBT94q78QljxN0Sk838w=="],

    "@types/node": ["@types/node@25.0.3", "", { "dependencies": { "undici-types": "~7.16.0" } }, "sha512-W609buLVRVmeW693xKfzHeIV6nJGGz98uCPfeXI1ELMLXVeKYZ9m15fAMSaUPBHYLGFsVRcMmSCksQOrZV9BYA=="],

    "bun-types": ["bun-types@1.3.5", "", { "dependencies": { "@types/node": "*" } }, "sha512-inmAYe2PFLs0SUbFOWSVD24sg1jFlMPxOjOSSCYqUgn4Hsc3rDc7dFvfVYjFPNHtov6kgUeulV4SxbuIV/stPw=="],

    "hono": ["hono@4.11.1", "", {}, "sha512-KsFcH0xxHes0J4zaQgWbYwmz3UPOOskdqZmItstUG93+Wk1ePBLkLGwbP9zlmh1BFUiL8Qp+Xfu9P7feJWpGNg=="],

    "oxfmt": ["oxfmt@0.19.0", "", { "dependencies": { "tinypool": "2.0.0" }, "optionalDependencies": { "@oxfmt/darwin-arm64": "0.19.0", "@oxfmt/darwin-x64": "0.19.0", "@oxfmt/linux-arm64-gnu": "0.19.0", "@oxfmt/linux-arm64-musl": "0.19.0", "@oxfmt/linux-x64-gnu": "0.19.0", "@oxfmt/linux-x64-musl": "0.19.0", "@oxfmt/win32-arm64": "0.19.0", "@oxfmt/win32-x64": "0.19.0" }, "bin": { "oxfmt": "bin/oxfmt" } }, "sha512-tPTa3j4kXdJBzBRlK9wR0/Lnd4J21rzg29cRr/VVqqfvdhZs6M+Q6TkL+rxI/IQpq8ZY8L3c+KZvga/RgeuMsg=="],

    "oxlint": ["oxlint@1.34.0", "", { "optionalDependencies": { "@oxlint/darwin-arm64": "1.34.0", "@oxlint/darwin-x64": "1.34.0", "@oxlint/linux-arm64-gnu": "1.34.0", "@oxlint/linux-arm64-musl": "1.34.0", "@oxlint/linux-x64-gnu": "1.34.0", "@oxlint/linux-x64-musl": "1.34.0", "@oxlint/win32-arm64": "1.34.0", "@oxlint/win32-x64": "1.34.0" }, "peerDependencies": { "oxlint-tsgolint": ">=0.9.2" }, "optionalPeers": ["oxlint-tsgolint"], "bin": { "oxc_language_server": "bin/oxc_language_server", "oxlint": "bin/oxlint" } }, "sha512-Ni0N8wAiKlgaYkI/Yz4VrutfVIZgd2shDtS+loQxyBTwO8YUAnk3+g7OQ1cyI/aatHiFwvFNfV/uvZyHUtyPpA=="],

    "tinypool": ["tinypool@2.0.0", "", {}, "sha512-/RX9RzeH2xU5ADE7n2Ykvmi9ED3FBGPAjw9u3zucrNNaEBIO0HPSYgL0NT7+3p147ojeSdaVu08F6hjpv31HJg=="],

    "undici-types": ["undici-types@7.16.0", "", {}, "sha512-Zz+aZWSj8LE6zoxD+xrjh4VfkIG8Ya6LvYkZqtUQGJPZjYl53ypCaUwWqo7eI0x66KBGeRo+mlBEkMSeSZ38Nw=="],
  }
}
